
Microsoft Visual Studio Solution File, Format Version 12.00
# Visual Studio 15
VisualStudioVersion = 15.0.27130.2027
MinimumVisualStudioVersion = 10.0.40219.1
Project("{8BC9CEB8-8B4A-11D0-8D11-00A0C91BC942}") = "perceptron", "perceptron.vcxproj", "{E641A362-D445-4094-ADD5-40F0EAAB0474}"
EndProject
Global
	GlobalSection(SolutionConfigurationPlatforms) = preSolution
		Debug|x86 = Debug|x86
		Release|x86 = Release|x86
		Template|x86 = Template|x86
	EndGlobalSection
	GlobalSection(ProjectConfigurationPlatforms) = postSolution
		{E641A362-D445-4094-ADD5-40F0EAAB0474}.Debug|x86.ActiveCfg = Debug|Win32
		{E641A362-D445-4094-ADD5-40F0EAAB0474}.Debug|x86.Build.0 = Debug|Win32
		{E641A362-D445-4094-ADD5-40F0EAAB0474}.Release|x86.ActiveCfg = Release|Win32
		{E641A362-D445-4094-ADD5-40F0EAAB0474}.Release|x86.Build.0 = Release|Win32
		{E641A362-D445-4094-ADD5-40F0EAAB0474}.Template|x86.ActiveCfg = Template|Win32
		{E641A362-D445-4094-ADD5-40F0EAAB0474}.Template|x86.Build.0 = Template|Win32
	EndGlobalSection
	GlobalSection(SolutionProperties) = preSolution
		HideSolutionNode = FALSE
	EndGlobalSection
	GlobalSection(ExtensibilityGlobals) = postSolution
		SolutionGuid = {4D4C8424-EEAB-4F38-84E8-BD752F5726AA}
	EndGlobalSection
EndGlobal
